
Microsoft Visual Studio Solution File, Format Version 12.00
# Visual Studio Version 17
VisualStudioVersion = 17.9.34728.123
MinimumVisualStudioVersion = 10.0.40219.1
Project("{9A19103F-16F7-4668-BE54-9A1E7A4F7556}") = "TrainingUI", "TrainingUI\TrainingUI.csproj", "{3E0758CE-F462-4329-97D2-D8597063C97E}"
EndProject
Global
	GlobalSection(SolutionConfigurationPlatforms) = preSolution
		Debug|Any CPU = Debug|Any CPU
		Release|Any CPU = Release|Any CPU
	EndGlobalSection
	GlobalSection(ProjectConfigurationPlatforms) = postSolution
		{3E0758CE-F462-4329-97D2-D8597063C97E}.Debug|Any CPU.ActiveCfg = Debug|Any CPU
		{3E0758CE-F462-4329-97D2-D8597063C97E}.Debug|Any CPU.Build.0 = Debug|Any CPU
		{3E0758CE-F462-4329-97D2-D8597063C97E}.Release|Any CPU.ActiveCfg = Release|Any CPU
		{3E0758CE-F462-4329-97D2-D8597063C97E}.Release|Any CPU.Build.0 = Release|Any CPU
	EndGlobalSection
	GlobalSection(SolutionProperties) = preSolution
		HideSolutionNode = FALSE
	EndGlobalSection
	GlobalSection(ExtensibilityGlobals) = postSolution
		SolutionGuid = {7B94AB56-98FA-444A-BD8D-95D0D2508595}
	EndGlobalSection
EndGlobal
